
Microsoft Visual Studio Solution File, Format Version 12.00
Project("{FAE04EC0-301F-11D3-BF4B-00C04F79EFBC}") = "GoogleAuthProxy", "GoogleAuthProxy\GoogleAuthProxy.csproj", "{ADA664C2-7FF2-4802-8C8D-7B6A342978C9}"
EndProject
Global
	GlobalSection(SolutionConfigurationPlatforms) = preSolution
		Debug|Any CPU = Debug|Any CPU
		Release|Any CPU = Release|Any CPU
	EndGlobalSection
	GlobalSection(ProjectConfigurationPlatforms) = postSolution
		{ADA664C2-7FF2-4802-8C8D-7B6A342978C9}.Debug|Any CPU.ActiveCfg = Debug|Any CPU
		{ADA664C2-7FF2-4802-8C8D-7B6A342978C9}.Debug|Any CPU.Build.0 = Debug|Any CPU
		{ADA664C2-7FF2-4802-8C8D-7B6A342978C9}.Release|Any CPU.ActiveCfg = Release|Any CPU
		{ADA664C2-7FF2-4802-8C8D-7B6A342978C9}.Release|Any CPU.Build.0 = Release|Any CPU
	EndGlobalSection
EndGlobal
